
Microsoft Visual Studio Solution File, Format Version 12.00
# Visual Studio Version 17
VisualStudioVersion = 17.11.35312.102
MinimumVisualStudioVersion = 10.0.40219.1
Project("{2150E333-8FDC-42A3-9474-1A3956D46DE8}") = "Task0", "Task0", "{20697B25-ABC1-483F-8CCA-142891752F26}"
EndProject
Project("{9A19103F-16F7-4668-BE54-9A1E7A4F7556}") = "Tyuiu.DemchenkoAD.Sprint1.Task0.V10", "Tyuiu.DemchenkoAD.Sprint1.Task0.V10\Tyuiu.DemchenkoAD.Sprint1.Task0.V10.csproj", "{9CD99B8B-F524-4A81-AF45-81F1AB1423C0}"
EndProject
Project("{9A19103F-16F7-4668-BE54-9A1E7A4F7556}") = "Tyuiu.DemchenkoAD.Sprint1.Task0.V10.Lib", "Tyuiu.DemchenkoAD.Sprint1.Task0.V10.Lib\Tyuiu.DemchenkoAD.Sprint1.Task0.V10.Lib.csproj", "{CF9BB82C-F64A-4909-A0EB-17F7CC8B351B}"
EndProject
Project("{9A19103F-16F7-4668-BE54-9A1E7A4F7556}") = "Tyuiu.DemchenkoAD.Sprint1.Task0.V10.Test", "Tyuiu.DemchenkoAD.Sprint1.Task0.V10.Test\Tyuiu.DemchenkoAD.Sprint1.Task0.V10.Test.csproj", "{A562D049-9096-499E-B347-6B705714E8D1}"
EndProject
Project("{2150E333-8FDC-42A3-9474-1A3956D46DE8}") = "Task1", "Task1", "{455BCC97-4374-4944-9133-8C5FB4D447E6}"
EndProject
Project("{9A19103F-16F7-4668-BE54-9A1E7A4F7556}") = "Tyuiu.DemchenkoAD.Sprint1.Task1.V3", "Tyuiu.DemchenkoAD.Sprint1.Task1.V3\Tyuiu.DemchenkoAD.Sprint1.Task1.V3.csproj", "{D56A141F-FB85-47F9-928E-DB494AC5A0D1}"
EndProject
Project("{9A19103F-16F7-4668-BE54-9A1E7A4F7556}") = "Tyuiu.DemchenkoAD.Sprint1.Task1.V3.Test", "Tyuiu.DemchenkoAD.Sprint1.Task1.V3.Test\Tyuiu.DemchenkoAD.Sprint1.Task1.V3.Test.csproj", "{1280AF2D-2242-499D-B66D-857AB9B5E82B}"
EndProject
Project("{9A19103F-16F7-4668-BE54-9A1E7A4F7556}") = "Tyuiu.DemchenkoAD.Sprint1.Task1.V3.Lib", "Tyuiu.DemchenkoAD.Sprint1.Task1.V3.Lib\Tyuiu.DemchenkoAD.Sprint1.Task1.V3.Lib.csproj", "{967558F5-A584-444E-920D-9A5ADE75803F}"
EndProject
Project("{2150E333-8FDC-42A3-9474-1A3956D46DE8}") = "Task2", "Task2", "{BB250BD3-9BB0-4871-852D-5B022E4A5DC9}"
EndProject
Project("{9A19103F-16F7-4668-BE54-9A1E7A4F7556}") = "Tyuiu.DemchenkoAD.Sprint1.Task2.V5", "Tyuiu.DemchenkoAD.Sprint1.Task2.V5\Tyuiu.DemchenkoAD.Sprint1.Task2.V5.csproj", "{48D0ADC4-0F9E-4FD0-BB7F-EF2E4A9A0731}"
EndProject
Project("{9A19103F-16F7-4668-BE54-9A1E7A4F7556}") = "Tyuiu.DemchenkoAD.Sprint1.Task2.V5.Lib", "Tyuiu.DemchenkoAD.Sprint1.Task2.V5.Lib\Tyuiu.DemchenkoAD.Sprint1.Task2.V5.Lib.csproj", "{65945473-974A-4EF8-8235-0E6122CF2A1F}"
EndProject
Project("{9A19103F-16F7-4668-BE54-9A1E7A4F7556}") = "Tyuiu.DemchenkoAD.Sprint1.Task2.V5.Test", "Tyuiu.DemchenkoAD.Sprint1.Task2.V5.Test\Tyuiu.DemchenkoAD.Sprint1.Task2.V5.Test.csproj", "{BB89899F-914C-4B78-BF3C-11A624266760}"
EndProject
Project("{2150E333-8FDC-42A3-9474-1A3956D46DE8}") = "Task3", "Task3", "{EB9B5A48-7651-4672-A102-F84AE3E28850}"
EndProject
Project("{9A19103F-16F7-4668-BE54-9A1E7A4F7556}") = "Tyuiu.DemchenkoAD.Sprint1.Task3.V2", "Tyuiu.DemchenkoAD.Sprint1.Task3.V2\Tyuiu.DemchenkoAD.Sprint1.Task3.V2.csproj", "{CE38EDB2-0D6D-4118-A099-422C15474BAE}"
EndProject
Project("{9A19103F-16F7-4668-BE54-9A1E7A4F7556}") = "Tyuiu.DemchenkoAD.Sprint1.Task3.V2.Lib", "Tyuiu.DemchenkoAD.Sprint1.Task3.V2.Lib\Tyuiu.DemchenkoAD.Sprint1.Task3.V2.Lib.csproj", "{E92A580A-2595-4322-BC54-F0EDD549B6F5}"
EndProject
Project("{9A19103F-16F7-4668-BE54-9A1E7A4F7556}") = "Tyuiu.DemchenkoAD.Sprint1.Task3.V2.Test", "Tyuiu.DemchenkoAD.Sprint1.Task3.V2.Test\Tyuiu.DemchenkoAD.Sprint1.Task3.V2.Test.csproj", "{1B2DA460-748E-4AB3-A361-A631B8D2FF4C}"
EndProject
Project("{2150E333-8FDC-42A3-9474-1A3956D46DE8}") = "Task4", "Task4", "{E9527244-4CFB-47D2-BD16-0374EBF2C490}"
EndProject
Project("{FAE04EC0-301F-11D3-BF4B-00C04F79EFBC}") = "Tyuiu.DemchenkoAD.Sprint1.Task4.V9", "Tyuiu.DemchenkoAD.Sprint1.Task4.V9\Tyuiu.DemchenkoAD.Sprint1.Task4.V9.csproj", "{2581C584-0757-4DA3-9BEC-BB26006017F8}"
EndProject
Project("{FAE04EC0-301F-11D3-BF4B-00C04F79EFBC}") = "Tyuiu.DemchenkoAD.Sprint1.Task4.V9.Lib", "Tyuiu.DemchenkoAD.Sprint1.Task4.V9.Lib\Tyuiu.DemchenkoAD.Sprint1.Task4.V9.Lib.csproj", "{6F5CD370-E14D-4D6E-8820-1B2491162ABE}"
EndProject
Project("{FAE04EC0-301F-11D3-BF4B-00C04F79EFBC}") = "Tyuiu.DemchenkoAD.Sprint1.Task4.V9.Test", "Tyuiu.DemchenkoAD.Sprint1.Task4.V9.Test\Tyuiu.DemchenkoAD.Sprint1.Task4.V9.Test.csproj", "{05562B41-0A8F-487C-A615-7EAAB2CDB48B}"
EndProject
Project("{2150E333-8FDC-42A3-9474-1A3956D46DE8}") = "Task5", "Task5", "{79069471-E18A-4D1D-9E10-0370C2232AEB}"
EndProject
Project("{FAE04EC0-301F-11D3-BF4B-00C04F79EFBC}") = "Tyuiu.DemchenkoAD.Sprint1.Task5.V2", "Tyuiu.DemchenkoAD.Sprint1.Task5.V2\Tyuiu.DemchenkoAD.Sprint1.Task5.V2.csproj", "{B3DA50BA-F91D-4AAB-B07B-02F24A1B509F}"
EndProject
Project("{FAE04EC0-301F-11D3-BF4B-00C04F79EFBC}") = "Tyuiu.DemchenkoAD.Sprint1.Task5.V2.Lib", "Tyuiu.DemchenkoAD.Sprint1.Task5.V2.Lib\Tyuiu.DemchenkoAD.Sprint1.Task5.V2.Lib.csproj", "{DEBD522A-DEB1-45C5-BE9F-B9E439EE75BB}"
EndProject
Project("{FAE04EC0-301F-11D3-BF4B-00C04F79EFBC}") = "Tyuiu.DemchenkoAD.Sprint1.Task5.V2.Test", "Tyuiu.DemchenkoAD.Sprint1.Task5.V2.Test\Tyuiu.DemchenkoAD.Sprint1.Task5.V2.Test.csproj", "{BD130264-DA28-4562-AB4D-8EE6E618B855}"
EndProject
Project("{2150E333-8FDC-42A3-9474-1A3956D46DE8}") = "Task6", "Task6", "{AADFAD4A-98BD-40F6-BD81-3FC18D6B7D30}"
EndProject
Project("{FAE04EC0-301F-11D3-BF4B-00C04F79EFBC}") = "Tyuiu.DemchenkoAD.Sprint1.Task6.V6", "Tyuiu.DemchenkoAD.Sprint1.Task6.V6\Tyuiu.DemchenkoAD.Sprint1.Task6.V6.csproj", "{A3D92E43-2143-4E45-8139-7300500BE5EA}"
EndProject
Project("{FAE04EC0-301F-11D3-BF4B-00C04F79EFBC}") = "Tyuiu.DemchenkoAD.Sprint1.Task6.V6.Lib", "Tyuiu.DemchenkoAD.Sprint1.Task6.V6.Lib\Tyuiu.DemchenkoAD.Sprint1.Task6.V6.Lib.csproj", "{60C52CDA-7041-4777-94BF-FFB70B669301}"
EndProject
Project("{FAE04EC0-301F-11D3-BF4B-00C04F79EFBC}") = "Tyuiu.DemchenkoAD.Sprint1.Task6.V6.Test", "Tyuiu.DemchenkoAD.Sprint1.Task6.V6.Test\Tyuiu.DemchenkoAD.Sprint1.Task6.V6.Test.csproj", "{3371D2AA-F237-4F2B-8A6A-D2FA682A7A27}"
EndProject
Project("{2150E333-8FDC-42A3-9474-1A3956D46DE8}") = "Task7", "Task7", "{7ED2652B-C2BD-40CF-99DB-36E5E1487B62}"
EndProject
Project("{FAE04EC0-301F-11D3-BF4B-00C04F79EFBC}") = "Tyuiu.DemchenkoAD.Sprint1.Task7.V15", "Tyuiu.DemchenkoAD.Sprint1.Task7.V15\Tyuiu.DemchenkoAD.Sprint1.Task7.V15.csproj", "{52A63A75-033C-4578-AEDA-FFC4EE7151DF}"
EndProject
Project("{FAE04EC0-301F-11D3-BF4B-00C04F79EFBC}") = "Tyuiu.DemchenkoAD.Sprint1.Task7.V15.Lib", "Tyuiu.DemchenkoAD.Sprint1.Task7.V15.Lib\Tyuiu.DemchenkoAD.Sprint1.Task7.V15.Lib.csproj", "{11A86355-3225-48B0-8B73-1ABB417FD942}"
EndProject
Project("{FAE04EC0-301F-11D3-BF4B-00C04F79EFBC}") = "Tyuiu.DemchenkoAD.Sprint1.Task7.V15.Test", "Tyuiu.DemchenkoAD.Sprint1.Task7.V15.Test\Tyuiu.DemchenkoAD.Sprint1.Task7.V15.Test.csproj", "{4DF2027A-A9E0-4290-BC7C-A68B84B3A4A7}"
EndProject
Global
	GlobalSection(SolutionConfigurationPlatforms) = preSolution
		Debug|Any CPU = Debug|Any CPU
		Release|Any CPU = Release|Any CPU
	EndGlobalSection
	GlobalSection(ProjectConfigurationPlatforms) = postSolution
		{9CD99B8B-F524-4A81-AF45-81F1AB1423C0}.Debug|Any CPU.ActiveCfg = Debug|Any CPU
		{9CD99B8B-F524-4A81-AF45-81F1AB1423C0}.Debug|Any CPU.Build.0 = Debug|Any CPU
		{9CD99B8B-F524-4A81-AF45-81F1AB1423C0}.Release|Any CPU.ActiveCfg = Release|Any CPU
		{9CD99B8B-F524-4A81-AF45-81F1AB1423C0}.Release|Any CPU.Build.0 = Release|Any CPU
		{CF9BB82C-F64A-4909-A0EB-17F7CC8B351B}.Debug|Any CPU.ActiveCfg = Debug|Any CPU
		{CF9BB82C-F64A-4909-A0EB-17F7CC8B351B}.Debug|Any CPU.Build.0 = Debug|Any CPU
		{CF9BB82C-F64A-4909-A0EB-17F7CC8B351B}.Release|Any CPU.ActiveCfg = Release|Any CPU
		{CF9BB82C-F64A-4909-A0EB-17F7CC8B351B}.Release|Any CPU.Build.0 = Release|Any CPU
		{A562D049-9096-499E-B347-6B705714E8D1}.Debug|Any CPU.ActiveCfg = Debug|Any CPU
		{A562D049-9096-499E-B347-6B705714E8D1}.Debug|Any CPU.Build.0 = Debug|Any CPU
		{A562D049-9096-499E-B347-6B705714E8D1}.Release|Any CPU.ActiveCfg = Release|Any CPU
		{A562D049-9096-499E-B347-6B705714E8D1}.Release|Any CPU.Build.0 = Release|Any CPU
		{D56A141F-FB85-47F9-928E-DB494AC5A0D1}.Debug|Any CPU.ActiveCfg = Debug|Any CPU
		{D56A141F-FB85-47F9-928E-DB494AC5A0D1}.Debug|Any CPU.Build.0 = Debug|Any CPU
		{D56A141F-FB85-47F9-928E-DB494AC5A0D1}.Release|Any CPU.ActiveCfg = Release|Any CPU
		{D56A141F-FB85-47F9-928E-DB494AC5A0D1}.Release|Any CPU.Build.0 = Release|Any CPU
		{1280AF2D-2242-499D-B66D-857AB9B5E82B}.Debug|Any CPU.ActiveCfg = Debug|Any CPU
		{1280AF2D-2242-499D-B66D-857AB9B5E82B}.Debug|Any CPU.Build.0 = Debug|Any CPU
		{1280AF2D-2242-499D-B66D-857AB9B5E82B}.Release|Any CPU.ActiveCfg = Release|Any CPU
		{1280AF2D-2242-499D-B66D-857AB9B5E82B}.Release|Any CPU.Build.0 = Release|Any CPU
		{967558F5-A584-444E-920D-9A5ADE75803F}.Debug|Any CPU.ActiveCfg = Debug|Any CPU
		{967558F5-A584-444E-920D-9A5ADE75803F}.Debug|Any CPU.Build.0 = Debug|Any CPU
		{967558F5-A584-444E-920D-9A5ADE75803F}.Release|Any CPU.ActiveCfg = Release|Any CPU
		{967558F5-A584-444E-920D-9A5ADE75803F}.Release|Any CPU.Build.0 = Release|Any CPU
		{48D0ADC4-0F9E-4FD0-BB7F-EF2E4A9A0731}.Debug|Any CPU.ActiveCfg = Debug|Any CPU
		{48D0ADC4-0F9E-4FD0-BB7F-EF2E4A9A0731}.Debug|Any CPU.Build.0 = Debug|Any CPU
		{48D0ADC4-0F9E-4FD0-BB7F-EF2E4A9A0731}.Release|Any CPU.ActiveCfg = Release|Any CPU
		{48D0ADC4-0F9E-4FD0-BB7F-EF2E4A9A0731}.Release|Any CPU.Build.0 = Release|Any CPU
		{65945473-974A-4EF8-8235-0E6122CF2A1F}.Debug|Any CPU.ActiveCfg = Debug|Any CPU
		{65945473-974A-4EF8-8235-0E6122CF2A1F}.Debug|Any CPU.Build.0 = Debug|Any CPU
		{65945473-974A-4EF8-8235-0E6122CF2A1F}.Release|Any CPU.ActiveCfg = Release|Any CPU
		{65945473-974A-4EF8-8235-0E6122CF2A1F}.Release|Any CPU.Build.0 = Release|Any CPU
		{BB89899F-914C-4B78-BF3C-11A624266760}.Debug|Any CPU.ActiveCfg = Debug|Any CPU
		{BB89899F-914C-4B78-BF3C-11A624266760}.Debug|Any CPU.Build.0 = Debug|Any CPU
		{BB89899F-914C-4B78-BF3C-11A624266760}.Release|Any CPU.ActiveCfg = Release|Any CPU
		{BB89899F-914C-4B78-BF3C-11A624266760}.Release|Any CPU.Build.0 = Release|Any CPU
		{CE38EDB2-0D6D-4118-A099-422C15474BAE}.Debug|Any CPU.ActiveCfg = Debug|Any CPU
		{CE38EDB2-0D6D-4118-A099-422C15474BAE}.Debug|Any CPU.Build.0 = Debug|Any CPU
		{CE38EDB2-0D6D-4118-A099-422C15474BAE}.Release|Any CPU.ActiveCfg = Release|Any CPU
		{CE38EDB2-0D6D-4118-A099-422C15474BAE}.Release|Any CPU.Build.0 = Release|Any CPU
		{E92A580A-2595-4322-BC54-F0EDD549B6F5}.Debug|Any CPU.ActiveCfg = Debug|Any CPU
		{E92A580A-2595-4322-BC54-F0EDD549B6F5}.Debug|Any CPU.Build.0 = Debug|Any CPU
		{E92A580A-2595-4322-BC54-F0EDD549B6F5}.Release|Any CPU.ActiveCfg = Release|Any CPU
		{E92A580A-2595-4322-BC54-F0EDD549B6F5}.Release|Any CPU.Build.0 = Release|Any CPU
		{1B2DA460-748E-4AB3-A361-A631B8D2FF4C}.Debug|Any CPU.ActiveCfg = Debug|Any CPU
		{1B2DA460-748E-4AB3-A361-A631B8D2FF4C}.Debug|Any CPU.Build.0 = Debug|Any CPU
		{1B2DA460-748E-4AB3-A361-A631B8D2FF4C}.Release|Any CPU.ActiveCfg = Release|Any CPU
		{1B2DA460-748E-4AB3-A361-A631B8D2FF4C}.Release|Any CPU.Build.0 = Release|Any CPU
		{2581C584-0757-4DA3-9BEC-BB26006017F8}.Debug|Any CPU.ActiveCfg = Debug|Any CPU
		{2581C584-0757-4DA3-9BEC-BB26006017F8}.Debug|Any CPU.Build.0 = Debug|Any CPU
		{2581C584-0757-4DA3-9BEC-BB26006017F8}.Release|Any CPU.ActiveCfg = Release|Any CPU
		{2581C584-0757-4DA3-9BEC-BB26006017F8}.Release|Any CPU.Build.0 = Release|Any CPU
		{6F5CD370-E14D-4D6E-8820-1B2491162ABE}.Debug|Any CPU.ActiveCfg = Debug|Any CPU
		{6F5CD370-E14D-4D6E-8820-1B2491162ABE}.Debug|Any CPU.Build.0 = Debug|Any CPU
		{6F5CD370-E14D-4D6E-8820-1B2491162ABE}.Release|Any CPU.ActiveCfg = Release|Any CPU
		{6F5CD370-E14D-4D6E-8820-1B2491162ABE}.Release|Any CPU.Build.0 = Release|Any CPU
		{05562B41-0A8F-487C-A615-7EAAB2CDB48B}.Debug|Any CPU.ActiveCfg = Debug|Any CPU
		{05562B41-0A8F-487C-A615-7EAAB2CDB48B}.Debug|Any CPU.Build.0 = Debug|Any CPU
		{05562B41-0A8F-487C-A615-7EAAB2CDB48B}.Release|Any CPU.ActiveCfg = Release|Any CPU
		{05562B41-0A8F-487C-A615-7EAAB2CDB48B}.Release|Any CPU.Build.0 = Release|Any CPU
		{B3DA50BA-F91D-4AAB-B07B-02F24A1B509F}.Debug|Any CPU.ActiveCfg = Debug|Any CPU
		{B3DA50BA-F91D-4AAB-B07B-02F24A1B509F}.Debug|Any CPU.Build.0 = Debug|Any CPU
		{B3DA50BA-F91D-4AAB-B07B-02F24A1B509F}.Release|Any CPU.ActiveCfg = Release|Any CPU
		{B3DA50BA-F91D-4AAB-B07B-02F24A1B509F}.Release|Any CPU.Build.0 = Release|Any CPU
		{DEBD522A-DEB1-45C5-BE9F-B9E439EE75BB}.Debug|Any CPU.ActiveCfg = Debug|Any CPU
		{DEBD522A-DEB1-45C5-BE9F-B9E439EE75BB}.Debug|Any CPU.Build.0 = Debug|Any CPU
		{DEBD522A-DEB1-45C5-BE9F-B9E439EE75BB}.Release|Any CPU.ActiveCfg = Release|Any CPU
		{DEBD522A-DEB1-45C5-BE9F-B9E439EE75BB}.Release|Any CPU.Build.0 = Release|Any CPU
		{BD130264-DA28-4562-AB4D-8EE6E618B855}.Debug|Any CPU.ActiveCfg = Debug|Any CPU
		{BD130264-DA28-4562-AB4D-8EE6E618B855}.Debug|Any CPU.Build.0 = Debug|Any CPU
		{BD130264-DA28-4562-AB4D-8EE6E618B855}.Release|Any CPU.ActiveCfg = Release|Any CPU
		{BD130264-DA28-4562-AB4D-8EE6E618B855}.Release|Any CPU.Build.0 = Release|Any CPU
		{A3D92E43-2143-4E45-8139-7300500BE5EA}.Debug|Any CPU.ActiveCfg = Debug|Any CPU
		{A3D92E43-2143-4E45-8139-7300500BE5EA}.Debug|Any CPU.Build.0 = Debug|Any CPU
		{A3D92E43-2143-4E45-8139-7300500BE5EA}.Release|Any CPU.ActiveCfg = Release|Any CPU
		{A3D92E43-2143-4E45-8139-7300500BE5EA}.Release|Any CPU.Build.0 = Release|Any CPU
		{60C52CDA-7041-4777-94BF-FFB70B669301}.Debug|Any CPU.ActiveCfg = Debug|Any CPU
		{60C52CDA-7041-4777-94BF-FFB70B669301}.Debug|Any CPU.Build.0 = Debug|Any CPU
		{60C52CDA-7041-4777-94BF-FFB70B669301}.Release|Any CPU.ActiveCfg = Release|Any CPU
		{60C52CDA-7041-4777-94BF-FFB70B669301}.Release|Any CPU.Build.0 = Release|Any CPU
		{3371D2AA-F237-4F2B-8A6A-D2FA682A7A27}.Debug|Any CPU.ActiveCfg = Debug|Any CPU
		{3371D2AA-F237-4F2B-8A6A-D2FA682A7A27}.Debug|Any CPU.Build.0 = Debug|Any CPU
		{3371D2AA-F237-4F2B-8A6A-D2FA682A7A27}.Release|Any CPU.ActiveCfg = Release|Any CPU
		{3371D2AA-F237-4F2B-8A6A-D2FA682A7A27}.Release|Any CPU.Build.0 = Release|Any CPU
		{52A63A75-033C-4578-AEDA-FFC4EE7151DF}.Debug|Any CPU.ActiveCfg = Debug|Any CPU
		{52A63A75-033C-4578-AEDA-FFC4EE7151DF}.Debug|Any CPU.Build.0 = Debug|Any CPU
		{52A63A75-033C-4578-AEDA-FFC4EE7151DF}.Release|Any CPU.ActiveCfg = Release|Any CPU
		{52A63A75-033C-4578-AEDA-FFC4EE7151DF}.Release|Any CPU.Build.0 = Release|Any CPU
		{11A86355-3225-48B0-8B73-1ABB417FD942}.Debug|Any CPU.ActiveCfg = Debug|Any CPU
		{11A86355-3225-48B0-8B73-1ABB417FD942}.Debug|Any CPU.Build.0 = Debug|Any CPU
		{11A86355-3225-48B0-8B73-1ABB417FD942}.Release|Any CPU.ActiveCfg = Release|Any CPU
		{11A86355-3225-48B0-8B73-1ABB417FD942}.Release|Any CPU.Build.0 = Release|Any CPU
		{4DF2027A-A9E0-4290-BC7C-A68B84B3A4A7}.Debug|Any CPU.ActiveCfg = Debug|Any CPU
		{4DF2027A-A9E0-4290-BC7C-A68B84B3A4A7}.Debug|Any CPU.Build.0 = Debug|Any CPU
		{4DF2027A-A9E0-4290-BC7C-A68B84B3A4A7}.Release|Any CPU.ActiveCfg = Release|Any CPU
		{4DF2027A-A9E0-4290-BC7C-A68B84B3A4A7}.Release|Any CPU.Build.0 = Release|Any CPU
	EndGlobalSection
	GlobalSection(SolutionProperties) = preSolution
		HideSolutionNode = FALSE
	EndGlobalSection
	GlobalSection(NestedProjects) = preSolution
		{9CD99B8B-F524-4A81-AF45-81F1AB1423C0} = {20697B25-ABC1-483F-8CCA-142891752F26}
		{CF9BB82C-F64A-4909-A0EB-17F7CC8B351B} = {20697B25-ABC1-483F-8CCA-142891752F26}
		{A562D049-9096-499E-B347-6B705714E8D1} = {20697B25-ABC1-483F-8CCA-142891752F26}
		{D56A141F-FB85-47F9-928E-DB494AC5A0D1} = {455BCC97-4374-4944-9133-8C5FB4D447E6}
		{1280AF2D-2242-499D-B66D-857AB9B5E82B} = {455BCC97-4374-4944-9133-8C5FB4D447E6}
		{967558F5-A584-444E-920D-9A5ADE75803F} = {455BCC97-4374-4944-9133-8C5FB4D447E6}
		{48D0ADC4-0F9E-4FD0-BB7F-EF2E4A9A0731} = {BB250BD3-9BB0-4871-852D-5B022E4A5DC9}
		{65945473-974A-4EF8-8235-0E6122CF2A1F} = {BB250BD3-9BB0-4871-852D-5B022E4A5DC9}
		{BB89899F-914C-4B78-BF3C-11A624266760} = {BB250BD3-9BB0-4871-852D-5B022E4A5DC9}
		{CE38EDB2-0D6D-4118-A099-422C15474BAE} = {EB9B5A48-7651-4672-A102-F84AE3E28850}
		{E92A580A-2595-4322-BC54-F0EDD549B6F5} = {EB9B5A48-7651-4672-A102-F84AE3E28850}
		{1B2DA460-748E-4AB3-A361-A631B8D2FF4C} = {EB9B5A48-7651-4672-A102-F84AE3E28850}
		{2581C584-0757-4DA3-9BEC-BB26006017F8} = {E9527244-4CFB-47D2-BD16-0374EBF2C490}
		{6F5CD370-E14D-4D6E-8820-1B2491162ABE} = {E9527244-4CFB-47D2-BD16-0374EBF2C490}
		{05562B41-0A8F-487C-A615-7EAAB2CDB48B} = {E9527244-4CFB-47D2-BD16-0374EBF2C490}
		{B3DA50BA-F91D-4AAB-B07B-02F24A1B509F} = {79069471-E18A-4D1D-9E10-0370C2232AEB}
		{DEBD522A-DEB1-45C5-BE9F-B9E439EE75BB} = {79069471-E18A-4D1D-9E10-0370C2232AEB}
		{BD130264-DA28-4562-AB4D-8EE6E618B855} = {79069471-E18A-4D1D-9E10-0370C2232AEB}
		{A3D92E43-2143-4E45-8139-7300500BE5EA} = {AADFAD4A-98BD-40F6-BD81-3FC18D6B7D30}
		{60C52CDA-7041-4777-94BF-FFB70B669301} = {AADFAD4A-98BD-40F6-BD81-3FC18D6B7D30}
		{3371D2AA-F237-4F2B-8A6A-D2FA682A7A27} = {AADFAD4A-98BD-40F6-BD81-3FC18D6B7D30}
		{52A63A75-033C-4578-AEDA-FFC4EE7151DF} = {7ED2652B-C2BD-40CF-99DB-36E5E1487B62}
		{11A86355-3225-48B0-8B73-1ABB417FD942} = {7ED2652B-C2BD-40CF-99DB-36E5E1487B62}
		{4DF2027A-A9E0-4290-BC7C-A68B84B3A4A7} = {7ED2652B-C2BD-40CF-99DB-36E5E1487B62}
	EndGlobalSection
	GlobalSection(ExtensibilityGlobals) = postSolution
		SolutionGuid = {261D84E7-E228-4EF9-B294-4D34F64042E4}
	EndGlobalSection
EndGlobal
