
Microsoft Visual Studio Solution File, Format Version 12.00
# Visual Studio Version 17
VisualStudioVersion = 17.11.35312.102
MinimumVisualStudioVersion = 10.0.40219.1
Project("{2150E333-8FDC-42A3-9474-1A3956D46DE8}") = "Task0", "Task0", "{20697B25-ABC1-483F-8CCA-142891752F26}"
EndProject
Project("{9A19103F-16F7-4668-BE54-9A1E7A4F7556}") = "Tyuiu.DemchenkoAD.Sprint1.Task0.V10", "Tyuiu.DemchenkoAD.Sprint1.Task0.V10\Tyuiu.DemchenkoAD.Sprint1.Task0.V10.csproj", "{9CD99B8B-F524-4A81-AF45-81F1AB1423C0}"
EndProject
Project("{9A19103F-16F7-4668-BE54-9A1E7A4F7556}") = "Tyuiu.DemchenkoAD.Sprint1.Task0.V10.Lib", "Tyuiu.DemchenkoAD.Sprint1.Task0.V10.Lib\Tyuiu.DemchenkoAD.Sprint1.Task0.V10.Lib.csproj", "{CF9BB82C-F64A-4909-A0EB-17F7CC8B351B}"
EndProject
Project("{9A19103F-16F7-4668-BE54-9A1E7A4F7556}") = "Tyuiu.DemchenkoAD.Sprint1.Task0.V10.Test", "Tyuiu.DemchenkoAD.Sprint1.Task0.V10.Test\Tyuiu.DemchenkoAD.Sprint1.Task0.V10.Test.csproj", "{A562D049-9096-499E-B347-6B705714E8D1}"
EndProject
Project("{2150E333-8FDC-42A3-9474-1A3956D46DE8}") = "Task1", "Task1", "{455BCC97-4374-4944-9133-8C5FB4D447E6}"
EndProject
Project("{FAE04EC0-301F-11D3-BF4B-00C04F79EFBC}") = "Tyuiu.DemchenkoAD.Sprint1.Task1.V3", "Tyuiu.DemchenkoAD.Sprint1.Task1.V3\Tyuiu.DemchenkoAD.Sprint1.Task1.V3.csproj", "{D56A141F-FB85-47F9-928E-DB494AC5A0D1}"
EndProject
Project("{FAE04EC0-301F-11D3-BF4B-00C04F79EFBC}") = "Tyuiu.DemchenkoAD.Sprint1.Task1.V3.Test", "Tyuiu.DemchenkoAD.Sprint1.Task1.V3.Test\Tyuiu.DemchenkoAD.Sprint1.Task1.V3.Test.csproj", "{1280AF2D-2242-499D-B66D-857AB9B5E82B}"
EndProject
Project("{FAE04EC0-301F-11D3-BF4B-00C04F79EFBC}") = "Tyuiu.DemchenkoAD.Sprint1.Task1.V3.Lib", "Tyuiu.DemchenkoAD.Sprint1.Task1.V3.Lib\Tyuiu.DemchenkoAD.Sprint1.Task1.V3.Lib.csproj", "{967558F5-A584-444E-920D-9A5ADE75803F}"
EndProject
Project("{2150E333-8FDC-42A3-9474-1A3956D46DE8}") = "Task2", "Task2", "{BB250BD3-9BB0-4871-852D-5B022E4A5DC9}"
EndProject
Project("{FAE04EC0-301F-11D3-BF4B-00C04F79EFBC}") = "Tyuiu.DemchenkoAD.Sprint1.Task2.V5", "Tyuiu.DemchenkoAD.Sprint1.Task2.V5\Tyuiu.DemchenkoAD.Sprint1.Task2.V5.csproj", "{48D0ADC4-0F9E-4FD0-BB7F-EF2E4A9A0731}"
EndProject
Project("{FAE04EC0-301F-11D3-BF4B-00C04F79EFBC}") = "Tyuiu.DemchenkoAD.Sprint1.Task2.V5.Lib", "Tyuiu.DemchenkoAD.Sprint1.Task2.V5.Lib\Tyuiu.DemchenkoAD.Sprint1.Task2.V5.Lib.csproj", "{65945473-974A-4EF8-8235-0E6122CF2A1F}"
EndProject
Project("{FAE04EC0-301F-11D3-BF4B-00C04F79EFBC}") = "Tyuiu.DemchenkoAD.Sprint1.Task2.V5.Test", "Tyuiu.DemchenkoAD.Sprint1.Task2.V5.Test\Tyuiu.DemchenkoAD.Sprint1.Task2.V5.Test.csproj", "{BB89899F-914C-4B78-BF3C-11A624266760}"
EndProject
Global
	GlobalSection(SolutionConfigurationPlatforms) = preSolution
		Debug|Any CPU = Debug|Any CPU
		Release|Any CPU = Release|Any CPU
	EndGlobalSection
	GlobalSection(ProjectConfigurationPlatforms) = postSolution
		{9CD99B8B-F524-4A81-AF45-81F1AB1423C0}.Debug|Any CPU.ActiveCfg = Debug|Any CPU
		{9CD99B8B-F524-4A81-AF45-81F1AB1423C0}.Debug|Any CPU.Build.0 = Debug|Any CPU
		{9CD99B8B-F524-4A81-AF45-81F1AB1423C0}.Release|Any CPU.ActiveCfg = Release|Any CPU
		{9CD99B8B-F524-4A81-AF45-81F1AB1423C0}.Release|Any CPU.Build.0 = Release|Any CPU
		{CF9BB82C-F64A-4909-A0EB-17F7CC8B351B}.Debug|Any CPU.ActiveCfg = Debug|Any CPU
		{CF9BB82C-F64A-4909-A0EB-17F7CC8B351B}.Debug|Any CPU.Build.0 = Debug|Any CPU
		{CF9BB82C-F64A-4909-A0EB-17F7CC8B351B}.Release|Any CPU.ActiveCfg = Release|Any CPU
		{CF9BB82C-F64A-4909-A0EB-17F7CC8B351B}.Release|Any CPU.Build.0 = Release|Any CPU
		{A562D049-9096-499E-B347-6B705714E8D1}.Debug|Any CPU.ActiveCfg = Debug|Any CPU
		{A562D049-9096-499E-B347-6B705714E8D1}.Debug|Any CPU.Build.0 = Debug|Any CPU
		{A562D049-9096-499E-B347-6B705714E8D1}.Release|Any CPU.ActiveCfg = Release|Any CPU
		{A562D049-9096-499E-B347-6B705714E8D1}.Release|Any CPU.Build.0 = Release|Any CPU
		{D56A141F-FB85-47F9-928E-DB494AC5A0D1}.Debug|Any CPU.ActiveCfg = Debug|Any CPU
		{D56A141F-FB85-47F9-928E-DB494AC5A0D1}.Debug|Any CPU.Build.0 = Debug|Any CPU
		{D56A141F-FB85-47F9-928E-DB494AC5A0D1}.Release|Any CPU.ActiveCfg = Release|Any CPU
		{D56A141F-FB85-47F9-928E-DB494AC5A0D1}.Release|Any CPU.Build.0 = Release|Any CPU
		{1280AF2D-2242-499D-B66D-857AB9B5E82B}.Debug|Any CPU.ActiveCfg = Debug|Any CPU
		{1280AF2D-2242-499D-B66D-857AB9B5E82B}.Debug|Any CPU.Build.0 = Debug|Any CPU
		{1280AF2D-2242-499D-B66D-857AB9B5E82B}.Release|Any CPU.ActiveCfg = Release|Any CPU
		{1280AF2D-2242-499D-B66D-857AB9B5E82B}.Release|Any CPU.Build.0 = Release|Any CPU
		{967558F5-A584-444E-920D-9A5ADE75803F}.Debug|Any CPU.ActiveCfg = Debug|Any CPU
		{967558F5-A584-444E-920D-9A5ADE75803F}.Debug|Any CPU.Build.0 = Debug|Any CPU
		{967558F5-A584-444E-920D-9A5ADE75803F}.Release|Any CPU.ActiveCfg = Release|Any CPU
		{967558F5-A584-444E-920D-9A5ADE75803F}.Release|Any CPU.Build.0 = Release|Any CPU
		{48D0ADC4-0F9E-4FD0-BB7F-EF2E4A9A0731}.Debug|Any CPU.ActiveCfg = Debug|Any CPU
		{48D0ADC4-0F9E-4FD0-BB7F-EF2E4A9A0731}.Debug|Any CPU.Build.0 = Debug|Any CPU
		{48D0ADC4-0F9E-4FD0-BB7F-EF2E4A9A0731}.Release|Any CPU.ActiveCfg = Release|Any CPU
		{48D0ADC4-0F9E-4FD0-BB7F-EF2E4A9A0731}.Release|Any CPU.Build.0 = Release|Any CPU
		{65945473-974A-4EF8-8235-0E6122CF2A1F}.Debug|Any CPU.ActiveCfg = Debug|Any CPU
		{65945473-974A-4EF8-8235-0E6122CF2A1F}.Debug|Any CPU.Build.0 = Debug|Any CPU
		{65945473-974A-4EF8-8235-0E6122CF2A1F}.Release|Any CPU.ActiveCfg = Release|Any CPU
		{65945473-974A-4EF8-8235-0E6122CF2A1F}.Release|Any CPU.Build.0 = Release|Any CPU
		{BB89899F-914C-4B78-BF3C-11A624266760}.Debug|Any CPU.ActiveCfg = Debug|Any CPU
		{BB89899F-914C-4B78-BF3C-11A624266760}.Debug|Any CPU.Build.0 = Debug|Any CPU
		{BB89899F-914C-4B78-BF3C-11A624266760}.Release|Any CPU.ActiveCfg = Release|Any CPU
		{BB89899F-914C-4B78-BF3C-11A624266760}.Release|Any CPU.Build.0 = Release|Any CPU
	EndGlobalSection
	GlobalSection(SolutionProperties) = preSolution
		HideSolutionNode = FALSE
	EndGlobalSection
	GlobalSection(NestedProjects) = preSolution
		{9CD99B8B-F524-4A81-AF45-81F1AB1423C0} = {20697B25-ABC1-483F-8CCA-142891752F26}
		{CF9BB82C-F64A-4909-A0EB-17F7CC8B351B} = {20697B25-ABC1-483F-8CCA-142891752F26}
		{A562D049-9096-499E-B347-6B705714E8D1} = {20697B25-ABC1-483F-8CCA-142891752F26}
		{D56A141F-FB85-47F9-928E-DB494AC5A0D1} = {455BCC97-4374-4944-9133-8C5FB4D447E6}
		{1280AF2D-2242-499D-B66D-857AB9B5E82B} = {455BCC97-4374-4944-9133-8C5FB4D447E6}
		{967558F5-A584-444E-920D-9A5ADE75803F} = {455BCC97-4374-4944-9133-8C5FB4D447E6}
		{48D0ADC4-0F9E-4FD0-BB7F-EF2E4A9A0731} = {BB250BD3-9BB0-4871-852D-5B022E4A5DC9}
		{65945473-974A-4EF8-8235-0E6122CF2A1F} = {BB250BD3-9BB0-4871-852D-5B022E4A5DC9}
		{BB89899F-914C-4B78-BF3C-11A624266760} = {BB250BD3-9BB0-4871-852D-5B022E4A5DC9}
	EndGlobalSection
	GlobalSection(ExtensibilityGlobals) = postSolution
		SolutionGuid = {261D84E7-E228-4EF9-B294-4D34F64042E4}
	EndGlobalSection
EndGlobal
